
Microsoft Visual Studio Solution File, Format Version 12.00
# Visual Studio Version 16
VisualStudioVersion = 16.0.30804.86
MinimumVisualStudioVersion = 10.0.40219.1
Project("{FAE04EC0-301F-11D3-BF4B-00C04F79EFBC}") = "PluginTestForm", "PluginTest\PluginTestForm.csproj", "{E6527FC2-F205-4242-B153-9A6AE376EFE5}"
EndProject
Project("{FAE04EC0-301F-11D3-BF4B-00C04F79EFBC}") = "PluginFramework", "Iplug\PluginFramework.csproj", "{EF407E1B-0738-4B90-856F-072B81B20D09}"
EndProject
Project("{FAE04EC0-301F-11D3-BF4B-00C04F79EFBC}") = "TestPlugin", "TestPlugin\TestPlugin.csproj", "{378AC3C8-7E88-4D2E-B0D9-402B2E1A2C39}"
EndProject
Global
	GlobalSection(SolutionConfigurationPlatforms) = preSolution
		Debug|Any CPU = Debug|Any CPU
		Release|Any CPU = Release|Any CPU
	EndGlobalSection
	GlobalSection(ProjectConfigurationPlatforms) = postSolution
		{E6527FC2-F205-4242-B153-9A6AE376EFE5}.Debug|Any CPU.ActiveCfg = Debug|Any CPU
		{E6527FC2-F205-4242-B153-9A6AE376EFE5}.Debug|Any CPU.Build.0 = Debug|Any CPU
		{E6527FC2-F205-4242-B153-9A6AE376EFE5}.Release|Any CPU.ActiveCfg = Release|Any CPU
		{E6527FC2-F205-4242-B153-9A6AE376EFE5}.Release|Any CPU.Build.0 = Release|Any CPU
		{EF407E1B-0738-4B90-856F-072B81B20D09}.Debug|Any CPU.ActiveCfg = Debug|Any CPU
		{EF407E1B-0738-4B90-856F-072B81B20D09}.Debug|Any CPU.Build.0 = Debug|Any CPU
		{EF407E1B-0738-4B90-856F-072B81B20D09}.Release|Any CPU.ActiveCfg = Release|Any CPU
		{EF407E1B-0738-4B90-856F-072B81B20D09}.Release|Any CPU.Build.0 = Release|Any CPU
		{378AC3C8-7E88-4D2E-B0D9-402B2E1A2C39}.Debug|Any CPU.ActiveCfg = Debug|Any CPU
		{378AC3C8-7E88-4D2E-B0D9-402B2E1A2C39}.Debug|Any CPU.Build.0 = Debug|Any CPU
		{378AC3C8-7E88-4D2E-B0D9-402B2E1A2C39}.Release|Any CPU.ActiveCfg = Release|Any CPU
		{378AC3C8-7E88-4D2E-B0D9-402B2E1A2C39}.Release|Any CPU.Build.0 = Release|Any CPU
	EndGlobalSection
	GlobalSection(SolutionProperties) = preSolution
		HideSolutionNode = FALSE
	EndGlobalSection
	GlobalSection(ExtensibilityGlobals) = postSolution
		SolutionGuid = {7384D1C5-AC2B-43EF-97F6-DA265F5A27E6}
	EndGlobalSection
EndGlobal
